
Microsoft Visual Studio Solution File, Format Version 12.00
# Visual Studio Version 17
VisualStudioVersion = 17.3.32929.385
MinimumVisualStudioVersion = 10.0.40219.1
Project("{FAE04EC0-301F-11D3-BF4B-00C04F79EFBC}") = "Unni.Infrastructure", "Unni.Infrastructure\Unni.Infrastructure.csproj", "{C14BDE10-B9DB-4485-82D9-F69A589395F3}"
EndProject
Global
	GlobalSection(SolutionConfigurationPlatforms) = preSolution
		Debug|Any CPU = Debug|Any CPU
		Release|Any CPU = Release|Any CPU
	EndGlobalSection
	GlobalSection(ProjectConfigurationPlatforms) = postSolution
		{C14BDE10-B9DB-4485-82D9-F69A589395F3}.Debug|Any CPU.ActiveCfg = Debug|Any CPU
		{C14BDE10-B9DB-4485-82D9-F69A589395F3}.Debug|Any CPU.Build.0 = Debug|Any CPU
		{C14BDE10-B9DB-4485-82D9-F69A589395F3}.Release|Any CPU.ActiveCfg = Release|Any CPU
		{C14BDE10-B9DB-4485-82D9-F69A589395F3}.Release|Any CPU.Build.0 = Release|Any CPU
	EndGlobalSection
	GlobalSection(SolutionProperties) = preSolution
		HideSolutionNode = FALSE
	EndGlobalSection
	GlobalSection(ExtensibilityGlobals) = postSolution
		SolutionGuid = {3DB68CD5-45D6-4447-9041-BCAFB2F885C4}
	EndGlobalSection
EndGlobal
